// !$*UTF8*$!
{
	archiveVersion = 1;
	classes = {
	};
	objectVersion = 51;
	objects = {

/* Begin PBXBuildFile section */
		18055FA6238A49640018B3DE /* VerificationCodeFields.swift in Sources */ = {isa = PBXBuildFile; fileRef = 18055FA2238A49630018B3DE /* VerificationCodeFields.swift */; };
		18055FA7238A49640018B3DE /* VerificationCodeView.xib in Resources */ = {isa = PBXBuildFile; fileRef = 18055FA3238A49640018B3DE /* VerificationCodeView.xib */; };
		18055FA8238A49640018B3DE /* VerificationCodeView.swift in Sources */ = {isa = PBXBuildFile; fileRef = 18055FA4238A49640018B3DE /* VerificationCodeView.swift */; };
		18055FA9238A49640018B3DE /* StringExtension.swift in Sources */ = {isa = PBXBuildFile; fileRef = 18055FA5238A49640018B3DE /* StringExtension.swift */; };
		18055FAE238A92D50018B3DE /* food2.png in Resources */ = {isa = PBXBuildFile; fileRef = 18055FAA238A92D40018B3DE /* food2.png */; };
		18055FAF238A92D50018B3DE /* foodlogo.png in Resources */ = {isa = PBXBuildFile; fileRef = 18055FAB238A92D50018B3DE /* foodlogo.png */; };
		18055FB0238A92D50018B3DE /* food.png in Resources */ = {isa = PBXBuildFile; fileRef = 18055FAC238A92D50018B3DE /* food.png */; };
		18055FB1238A92D50018B3DE /* food3.jpg in Resources */ = {isa = PBXBuildFile; fileRef = 18055FAD238A92D50018B3DE /* food3.jpg */; };
		182E0D2C238AA4EC00D8E27D /* facebook4.png in Resources */ = {isa = PBXBuildFile; fileRef = 182E0D28238AA4EB00D8E27D /* facebook4.png */; };
		182E0D2D238AA4EC00D8E27D /* facebook1.png in Resources */ = {isa = PBXBuildFile; fileRef = 182E0D29238AA4EB00D8E27D /* facebook1.png */; };
		182E0D2E238AA4EC00D8E27D /* facebook3.png in Resources */ = {isa = PBXBuildFile; fileRef = 182E0D2A238AA4EB00D8E27D /* facebook3.png */; };
		182E0D2F238AA4EC00D8E27D /* facebook2.png in Resources */ = {isa = PBXBuildFile; fileRef = 182E0D2B238AA4EC00D8E27D /* facebook2.png */; };
		182E0D31238AA73A00D8E27D /* HomeViewController.swift in Sources */ = {isa = PBXBuildFile; fileRef = 182E0D30238AA73A00D8E27D /* HomeViewController.swift */; };
		18588BA92393903C0014F5FB /* tickmark.png in Resources */ = {isa = PBXBuildFile; fileRef = 18588BA82393903B0014F5FB /* tickmark.png */; };
		186664DB239BD5DA00FE4916 /* search (1)@2x.png in Resources */ = {isa = PBXBuildFile; fileRef = 186664D4239BD5D800FE4916 /* search (1)@2x.png */; };
		186664DC239BD5DA00FE4916 /* samosas.png in Resources */ = {isa = PBXBuildFile; fileRef = 186664D5239BD5D800FE4916 /* samosas.png */; };
		186664DD239BD5DA00FE4916 /* Unchecked.png in Resources */ = {isa = PBXBuildFile; fileRef = 186664D6239BD5D900FE4916 /* Unchecked.png */; };
		186664DE239BD5DA00FE4916 /* samosas (1).png in Resources */ = {isa = PBXBuildFile; fileRef = 186664D7239BD5D900FE4916 /* samosas (1).png */; };
		186664DF239BD5DA00FE4916 /* searchicon.png in Resources */ = {isa = PBXBuildFile; fileRef = 186664D8239BD5D900FE4916 /* searchicon.png */; };
		186664E1239BD5DA00FE4916 /* Star@2x.png in Resources */ = {isa = PBXBuildFile; fileRef = 186664DA239BD5D900FE4916 /* Star@2x.png */; };
		186664EB239BD5FA00FE4916 /* Number validation@2x (1).jpg in Resources */ = {isa = PBXBuildFile; fileRef = 186664E2239BD5F700FE4916 /* Number validation@2x (1).jpg */; };
		186664EC239BD5FA00FE4916 /* Number validation@2x.jpg in Resources */ = {isa = PBXBuildFile; fileRef = 186664E3239BD5F700FE4916 /* Number validation@2x.jpg */; };
		186664ED239BD5FA00FE4916 /* Quisiera.png in Resources */ = {isa = PBXBuildFile; fileRef = 186664E4239BD5F700FE4916 /* Quisiera.png */; };
		186664EE239BD5FA00FE4916 /* Main Screen@2x (1).jpg in Resources */ = {isa = PBXBuildFile; fileRef = 186664E5239BD5F800FE4916 /* Main Screen@2x (1).jpg */; };
		186664EF239BD5FA00FE4916 /* Quisiera (1).png in Resources */ = {isa = PBXBuildFile; fileRef = 186664E6239BD5F800FE4916 /* Quisiera (1).png */; };
		186664F0239BD5FA00FE4916 /* radio checked.png in Resources */ = {isa = PBXBuildFile; fileRef = 186664E7239BD5F900FE4916 /* radio checked.png */; };
		186664F1239BD5FA00FE4916 /* Main Screen@2x.jpg in Resources */ = {isa = PBXBuildFile; fileRef = 186664E8239BD5F900FE4916 /* Main Screen@2x.jpg */; };
		186664F2239BD5FA00FE4916 /* Login Screen@2x (1).jpg in Resources */ = {isa = PBXBuildFile; fileRef = 186664E9239BD5FA00FE4916 /* Login Screen@2x (1).jpg */; };
		186664F3239BD5FA00FE4916 /* Login Screen@2x.jpg in Resources */ = {isa = PBXBuildFile; fileRef = 186664EA239BD5FA00FE4916 /* Login Screen@2x.jpg */; };
		186664F9239BD60600FE4916 /* heart.png in Resources */ = {isa = PBXBuildFile; fileRef = 186664F4239BD60400FE4916 /* heart.png */; };
		186664FA239BD60600FE4916 /* Filter.png in Resources */ = {isa = PBXBuildFile; fileRef = 186664F5239BD60500FE4916 /* Filter.png */; };
		186664FC239BD60600FE4916 /* facebook.png in Resources */ = {isa = PBXBuildFile; fileRef = 186664F7239BD60600FE4916 /* facebook.png */; };
		186664FD239BD60600FE4916 /* google.png in Resources */ = {isa = PBXBuildFile; fileRef = 186664F8239BD60600FE4916 /* google.png */; };
		186664FF239BD60B00FE4916 /* closeButton.png in Resources */ = {isa = PBXBuildFile; fileRef = 186664FE239BD60B00FE4916 /* closeButton.png */; };
		18666501239BD61100FE4916 /* check.png in Resources */ = {isa = PBXBuildFile; fileRef = 18666500239BD61100FE4916 /* check.png */; };
		18666505239BD61C00FE4916 /* Back@2x.png in Resources */ = {isa = PBXBuildFile; fileRef = 18666502239BD61B00FE4916 /* Back@2x.png */; };
		18666506239BD61C00FE4916 /* Arrow Copy@2x.png in Resources */ = {isa = PBXBuildFile; fileRef = 18666503239BD61B00FE4916 /* Arrow Copy@2x.png */; };
		18666507239BD61C00FE4916 /* back.png in Resources */ = {isa = PBXBuildFile; fileRef = 18666504239BD61B00FE4916 /* back.png */; };
		80DF961DAD2D903D673107B0 /* Pods_FoodOrderingTests.framework in Frameworks */ = {isa = PBXBuildFile; fileRef = 3550015D3CEB9DCB859D6453 /* Pods_FoodOrderingTests.framework */; };
		A820AC9323C35F8400FE0CA1 /* CategoryTableViewCell.swift in Sources */ = {isa = PBXBuildFile; fileRef = A820AC9223C35F8400FE0CA1 /* CategoryTableViewCell.swift */; };
		A820AC9523C35FC300FE0CA1 /* CategoryCollectionViewCell.swift in Sources */ = {isa = PBXBuildFile; fileRef = A820AC9423C35FC300FE0CA1 /* CategoryCollectionViewCell.swift */; };
		A820AC9723C366BE00FE0CA1 /* MainHomeViewController.swift in Sources */ = {isa = PBXBuildFile; fileRef = A820AC9623C366BE00FE0CA1 /* MainHomeViewController.swift */; };
		A84F992F23C8B47000A7B5F1 /* ico-heart-unselected@2x.png in Resources */ = {isa = PBXBuildFile; fileRef = A84F992923C8B46F00A7B5F1 /* ico-heart-unselected@2x.png */; };
		A84F993023C8B47000A7B5F1 /* ico-heart-unselected@3x.png in Resources */ = {isa = PBXBuildFile; fileRef = A84F992A23C8B46F00A7B5F1 /* ico-heart-unselected@3x.png */; };
		A84F993123C8B47000A7B5F1 /* ico-heart-selected@3x.png in Resources */ = {isa = PBXBuildFile; fileRef = A84F992B23C8B47000A7B5F1 /* ico-heart-selected@3x.png */; };
		A84F993223C8B47000A7B5F1 /* ico-heart-selected.png in Resources */ = {isa = PBXBuildFile; fileRef = A84F992C23C8B47000A7B5F1 /* ico-heart-selected.png */; };
		A84F993323C8B47000A7B5F1 /* ico-heart-unselected.png in Resources */ = {isa = PBXBuildFile; fileRef = A84F992D23C8B47000A7B5F1 /* ico-heart-unselected.png */; };
		A84F993423C8B47000A7B5F1 /* ico-heart-selected@2x.png in Resources */ = {isa = PBXBuildFile; fileRef = A84F992E23C8B47000A7B5F1 /* ico-heart-selected@2x.png */; };
		A84F993623C8B5BF00A7B5F1 /* foodimage.jpeg in Resources */ = {isa = PBXBuildFile; fileRef = A84F993523C8B5BF00A7B5F1 /* foodimage.jpeg */; };
		A854AF53238D5577003ABA32 /* loading.png in Resources */ = {isa = PBXBuildFile; fileRef = A854AF52238D5577003ABA32 /* loading.png */; };
		A854AF55238D55F3003ABA32 /* loading1.png in Resources */ = {isa = PBXBuildFile; fileRef = A854AF54238D55F3003ABA32 /* loading1.png */; };
		A862D353239A9194001B94A0 /* MainScreen.jpg in Resources */ = {isa = PBXBuildFile; fileRef = A862D352239A9194001B94A0 /* MainScreen.jpg */; };
		A86335C323BF37F000CDC0EF /* RestaurantsDetailsTableViewCell.swift in Sources */ = {isa = PBXBuildFile; fileRef = A86335C223BF37F000CDC0EF /* RestaurantsDetailsTableViewCell.swift */; };
		A8708B6E23C03056006F567F /* FoodCourtCollectionViewCell.swift in Sources */ = {isa = PBXBuildFile; fileRef = A8708B6D23C03056006F567F /* FoodCourtCollectionViewCell.swift */; };
		A8708B7023C03062006F567F /* MyFavCollectionViewCell.swift in Sources */ = {isa = PBXBuildFile; fileRef = A8708B6F23C03062006F567F /* MyFavCollectionViewCell.swift */; };
		A8708B7223C0306E006F567F /* CusineCollectionViewCell.swift in Sources */ = {isa = PBXBuildFile; fileRef = A8708B7123C0306E006F567F /* CusineCollectionViewCell.swift */; };
		A8708B7423C0340E006F567F /* BrandsCollectionViewCell.swift in Sources */ = {isa = PBXBuildFile; fileRef = A8708B7323C0340E006F567F /* BrandsCollectionViewCell.swift */; };
		A88035E023C573A1001D69B8 /* ShowRestaurantDataModel.swift in Sources */ = {isa = PBXBuildFile; fileRef = A88035DF23C573A1001D69B8 /* ShowRestaurantDataModel.swift */; };
		A882852F23969AAA0044E0DC /* FacebookGmailMobileVC.swift in Sources */ = {isa = PBXBuildFile; fileRef = A882852E23969AAA0044E0DC /* FacebookGmailMobileVC.swift */; };
		A8A70EAA2398DA27004EE9F9 /* LoginScreen.jpg in Resources */ = {isa = PBXBuildFile; fileRef = A8A70EA92398DA27004EE9F9 /* LoginScreen.jpg */; };
		A8A70EAC2398F736004EE9F9 /* Number validation.jpg in Resources */ = {isa = PBXBuildFile; fileRef = A8A70EAB2398F736004EE9F9 /* Number validation.jpg */; };
		A8A70EAE2398F792004EE9F9 /* Numbervalidation.jpg in Resources */ = {isa = PBXBuildFile; fileRef = A8A70EAD2398F792004EE9F9 /* Numbervalidation.jpg */; };
		A8A70EB02399170D004EE9F9 /* credentials.plist in Resources */ = {isa = PBXBuildFile; fileRef = A8A70EAF2399170D004EE9F9 /* credentials.plist */; };
		A8AB562F238FBE2F00311FC0 /* ForgotPwdViewController.swift in Sources */ = {isa = PBXBuildFile; fileRef = A8AB562E238FBE2F00311FC0 /* ForgotPwdViewController.swift */; };
		A8AB5631238FE8F400311FC0 /* DPOTPView.swift in Sources */ = {isa = PBXBuildFile; fileRef = A8AB5630238FE8F400311FC0 /* DPOTPView.swift */; };
		A8AB5633238FEBA900311FC0 /* ChangePwdViewController.swift in Sources */ = {isa = PBXBuildFile; fileRef = A8AB5632238FEBA900311FC0 /* ChangePwdViewController.swift */; };
		A8B1A673238663BB00C2D797 /* AppDelegate.swift in Sources */ = {isa = PBXBuildFile; fileRef = A8B1A672238663BB00C2D797 /* AppDelegate.swift */; };
		A8B1A675238663BB00C2D797 /* ViewController.swift in Sources */ = {isa = PBXBuildFile; fileRef = A8B1A674238663BB00C2D797 /* ViewController.swift */; };
		A8B1A678238663BB00C2D797 /* Main.storyboard in Resources */ = {isa = PBXBuildFile; fileRef = A8B1A676238663BB00C2D797 /* Main.storyboard */; };
		A8B1A67A238663BD00C2D797 /* Assets.xcassets in Resources */ = {isa = PBXBuildFile; fileRef = A8B1A679238663BD00C2D797 /* Assets.xcassets */; };
		A8B1A67D238663BD00C2D797 /* LaunchScreen.storyboard in Resources */ = {isa = PBXBuildFile; fileRef = A8B1A67B238663BD00C2D797 /* LaunchScreen.storyboard */; };
		A8B1A688238663BD00C2D797 /* FoodOrderingTests.swift in Sources */ = {isa = PBXBuildFile; fileRef = A8B1A687238663BD00C2D797 /* FoodOrderingTests.swift */; };
		A8B1A693238663BD00C2D797 /* FoodOrderingUITests.swift in Sources */ = {isa = PBXBuildFile; fileRef = A8B1A692238663BD00C2D797 /* FoodOrderingUITests.swift */; };
		A8B1A6A1238663CC00C2D797 /* LaunchViewController.swift in Sources */ = {isa = PBXBuildFile; fileRef = A8B1A6A0238663CC00C2D797 /* LaunchViewController.swift */; };
		A8B1A6A3238663D600C2D797 /* LoginViewController.swift in Sources */ = {isa = PBXBuildFile; fileRef = A8B1A6A2238663D600C2D797 /* LoginViewController.swift */; };
		A8B1A6A5238663E100C2D797 /* RegisterViewController.swift in Sources */ = {isa = PBXBuildFile; fileRef = A8B1A6A4238663E100C2D797 /* RegisterViewController.swift */; };
		A8B1A6A7238663F200C2D797 /* MobileVerifyViewController.swift in Sources */ = {isa = PBXBuildFile; fileRef = A8B1A6A6238663F200C2D797 /* MobileVerifyViewController.swift */; };
		A8B1A6AB2386738C00C2D797 /* Constant.swift in Sources */ = {isa = PBXBuildFile; fileRef = A8B1A6AA2386738C00C2D797 /* Constant.swift */; };
		A8B1A6B023867E4D00C2D797 /* FacebookLogo.png in Resources */ = {isa = PBXBuildFile; fileRef = A8B1A6AD23867E4C00C2D797 /* FacebookLogo.png */; };
		A8B1A6B123867E4D00C2D797 /* GmailLogo.png in Resources */ = {isa = PBXBuildFile; fileRef = A8B1A6AE23867E4C00C2D797 /* GmailLogo.png */; };
		A8B1A6B32386819D00C2D797 /* googleImage.png in Resources */ = {isa = PBXBuildFile; fileRef = A8B1A6B22386819D00C2D797 /* googleImage.png */; };
		A8B1A6B5238681BB00C2D797 /* facebookImage.png in Resources */ = {isa = PBXBuildFile; fileRef = A8B1A6B4238681BB00C2D797 /* facebookImage.png */; };
		A8B1A6B72386820E00C2D797 /* googleImagee.png in Resources */ = {isa = PBXBuildFile; fileRef = A8B1A6B62386820D00C2D797 /* googleImagee.png */; };
		A8B1A6B9238682B200C2D797 /* googleImg.png in Resources */ = {isa = PBXBuildFile; fileRef = A8B1A6B8238682B200C2D797 /* googleImg.png */; };
		A8B1A6BB2386834300C2D797 /* facebookImg.png in Resources */ = {isa = PBXBuildFile; fileRef = A8B1A6BA2386834200C2D797 /* facebookImg.png */; };
		AAE9EBA9AA82D0B0E96CEC2F /* Pods_FoodOrdering_FoodOrderingUITests.framework in Frameworks */ = {isa = PBXBuildFile; fileRef = 19E022004EB8389D53718171 /* Pods_FoodOrdering_FoodOrderingUITests.framework */; };
		B87CEECA5958B6847FDE8F17 /* Pods_FoodOrdering.framework in Frameworks */ = {isa = PBXBuildFile; fileRef = 379DB79AA17A4628EC5110B2 /* Pods_FoodOrdering.framework */; };
/* End PBXBuildFile section */

/* Begin PBXContainerItemProxy section */
		A8B1A684238663BD00C2D797 /* PBXContainerItemProxy */ = {
			isa = PBXContainerItemProxy;
			containerPortal = A8B1A667238663BB00C2D797 /* Project object */;
			proxyType = 1;
			remoteGlobalIDString = A8B1A66E238663BB00C2D797;
			remoteInfo = FoodOrdering;
		};
		A8B1A68F238663BD00C2D797 /* PBXContainerItemProxy */ = {
			isa = PBXContainerItemProxy;
			containerPortal = A8B1A667238663BB00C2D797 /* Project object */;
			proxyType = 1;
			remoteGlobalIDString = A8B1A66E238663BB00C2D797;
			remoteInfo = FoodOrdering;
		};
/* End PBXContainerItemProxy section */

/* Begin PBXFileReference section */
		18055FA2238A49630018B3DE /* VerificationCodeFields.swift */ = {isa = PBXFileReference; fileEncoding = 4; lastKnownFileType = sourcecode.swift; path = VerificationCodeFields.swift; sourceTree = "<group>"; };
		18055FA3238A49640018B3DE /* VerificationCodeView.xib */ = {isa = PBXFileReference; fileEncoding = 4; lastKnownFileType = file.xib; path = VerificationCodeView.xib; sourceTree = "<group>"; };
		18055FA4238A49640018B3DE /* VerificationCodeView.swift */ = {isa = PBXFileReference; fileEncoding = 4; lastKnownFileType = sourcecode.swift; path = VerificationCodeView.swift; sourceTree = "<group>"; };
		18055FA5238A49640018B3DE /* StringExtension.swift */ = {isa = PBXFileReference; fileEncoding = 4; lastKnownFileType = sourcecode.swift; path = StringExtension.swift; sourceTree = "<group>"; };
		18055FAA238A92D40018B3DE /* food2.png */ = {isa = PBXFileReference; lastKnownFileType = image.png; path = food2.png; sourceTree = "<group>"; };
		18055FAB238A92D50018B3DE /* foodlogo.png */ = {isa = PBXFileReference; lastKnownFileType = image.png; path = foodlogo.png; sourceTree = "<group>"; };
		18055FAC238A92D50018B3DE /* food.png */ = {isa = PBXFileReference; lastKnownFileType = image.png; path = food.png; sourceTree = "<group>"; };
		18055FAD238A92D50018B3DE /* food3.jpg */ = {isa = PBXFileReference; lastKnownFileType = image.jpeg; path = food3.jpg; sourceTree = "<group>"; };
		182E0D28238AA4EB00D8E27D /* facebook4.png */ = {isa = PBXFileReference; lastKnownFileType = image.png; path = facebook4.png; sourceTree = "<group>"; };
		182E0D29238AA4EB00D8E27D /* facebook1.png */ = {isa = PBXFileReference; lastKnownFileType = image.png; path = facebook1.png; sourceTree = "<group>"; };
		182E0D2A238AA4EB00D8E27D /* facebook3.png */ = {isa = PBXFileReference; lastKnownFileType = image.png; path = facebook3.png; sourceTree = "<group>"; };
		182E0D2B238AA4EC00D8E27D /* facebook2.png */ = {isa = PBXFileReference; lastKnownFileType = image.png; path = facebook2.png; sourceTree = "<group>"; };
		182E0D30238AA73A00D8E27D /* HomeViewController.swift */ = {isa = PBXFileReference; lastKnownFileType = sourcecode.swift; path = HomeViewController.swift; sourceTree = "<group>"; };
		18588BA82393903B0014F5FB /* tickmark.png */ = {isa = PBXFileReference; lastKnownFileType = image.png; path = tickmark.png; sourceTree = "<group>"; };
		186664D4239BD5D800FE4916 /* search (1)@2x.png */ = {isa = PBXFileReference; lastKnownFileType = image.png; path = "search (1)@2x.png"; sourceTree = "<group>"; };
		186664D5239BD5D800FE4916 /* samosas.png */ = {isa = PBXFileReference; lastKnownFileType = image.png; path = samosas.png; sourceTree = "<group>"; };
		186664D6239BD5D900FE4916 /* Unchecked.png */ = {isa = PBXFileReference; lastKnownFileType = image.png; path = Unchecked.png; sourceTree = "<group>"; };
		186664D7239BD5D900FE4916 /* samosas (1).png */ = {isa = PBXFileReference; lastKnownFileType = image.png; path = "samosas (1).png"; sourceTree = "<group>"; };
		186664D8239BD5D900FE4916 /* searchicon.png */ = {isa = PBXFileReference; lastKnownFileType = image.png; path = searchicon.png; sourceTree = "<group>"; };
		186664DA239BD5D900FE4916 /* Star@2x.png */ = {isa = PBXFileReference; lastKnownFileType = image.png; path = "Star@2x.png"; sourceTree = "<group>"; };
		186664E2239BD5F700FE4916 /* Number validation@2x (1).jpg */ = {isa = PBXFileReference; lastKnownFileType = image.jpeg; path = "Number validation@2x (1).jpg"; sourceTree = "<group>"; };
		186664E3239BD5F700FE4916 /* Number validation@2x.jpg */ = {isa = PBXFileReference; lastKnownFileType = image.jpeg; path = "Number validation@2x.jpg"; sourceTree = "<group>"; };
		186664E4239BD5F700FE4916 /* Quisiera.png */ = {isa = PBXFileReference; lastKnownFileType = image.png; path = Quisiera.png; sourceTree = "<group>"; };
		186664E5239BD5F800FE4916 /* Main Screen@2x (1).jpg */ = {isa = PBXFileReference; lastKnownFileType = image.jpeg; path = "Main Screen@2x (1).jpg"; sourceTree = "<group>"; };
		186664E6239BD5F800FE4916 /* Quisiera (1).png */ = {isa = PBXFileReference; lastKnownFileType = image.png; path = "Quisiera (1).png"; sourceTree = "<group>"; };
		186664E7239BD5F900FE4916 /* radio checked.png */ = {isa = PBXFileReference; lastKnownFileType = image.png; path = "radio checked.png"; sourceTree = "<group>"; };
		186664E8239BD5F900FE4916 /* Main Screen@2x.jpg */ = {isa = PBXFileReference; lastKnownFileType = image.jpeg; path = "Main Screen@2x.jpg"; sourceTree = "<group>"; };
		186664E9239BD5FA00FE4916 /* Login Screen@2x (1).jpg */ = {isa = PBXFileReference; lastKnownFileType = image.jpeg; path = "Login Screen@2x (1).jpg"; sourceTree = "<group>"; };
		186664EA239BD5FA00FE4916 /* Login Screen@2x.jpg */ = {isa = PBXFileReference; lastKnownFileType = image.jpeg; path = "Login Screen@2x.jpg"; sourceTree = "<group>"; };
		186664F4239BD60400FE4916 /* heart.png */ = {isa = PBXFileReference; lastKnownFileType = image.png; path = heart.png; sourceTree = "<group>"; };
		186664F5239BD60500FE4916 /* Filter.png */ = {isa = PBXFileReference; lastKnownFileType = image.png; path = Filter.png; sourceTree = "<group>"; };
		186664F7239BD60600FE4916 /* facebook.png */ = {isa = PBXFileReference; lastKnownFileType = image.png; path = facebook.png; sourceTree = "<group>"; };
		186664F8239BD60600FE4916 /* google.png */ = {isa = PBXFileReference; lastKnownFileType = image.png; path = google.png; sourceTree = "<group>"; };
		186664FE239BD60B00FE4916 /* closeButton.png */ = {isa = PBXFileReference; lastKnownFileType = image.png; path = closeButton.png; sourceTree = "<group>"; };
		18666500239BD61100FE4916 /* check.png */ = {isa = PBXFileReference; lastKnownFileType = image.png; path = check.png; sourceTree = "<group>"; };
		18666502239BD61B00FE4916 /* Back@2x.png */ = {isa = PBXFileReference; lastKnownFileType = image.png; path = "Back@2x.png"; sourceTree = "<group>"; };
		18666503239BD61B00FE4916 /* Arrow Copy@2x.png */ = {isa = PBXFileReference; lastKnownFileType = image.png; path = "Arrow Copy@2x.png"; sourceTree = "<group>"; };
		18666504239BD61B00FE4916 /* back.png */ = {isa = PBXFileReference; lastKnownFileType = image.png; path = back.png; sourceTree = "<group>"; };
		19E022004EB8389D53718171 /* Pods_FoodOrdering_FoodOrderingUITests.framework */ = {isa = PBXFileReference; explicitFileType = wrapper.framework; includeInIndex = 0; path = Pods_FoodOrdering_FoodOrderingUITests.framework; sourceTree = BUILT_PRODUCTS_DIR; };
		3550015D3CEB9DCB859D6453 /* Pods_FoodOrderingTests.framework */ = {isa = PBXFileReference; explicitFileType = wrapper.framework; includeInIndex = 0; path = Pods_FoodOrderingTests.framework; sourceTree = BUILT_PRODUCTS_DIR; };
		379DB79AA17A4628EC5110B2 /* Pods_FoodOrdering.framework */ = {isa = PBXFileReference; explicitFileType = wrapper.framework; includeInIndex = 0; path = Pods_FoodOrdering.framework; sourceTree = BUILT_PRODUCTS_DIR; };
		4060B60EC1AA44BBAB463332 /* Pods-FoodOrdering-FoodOrderingUITests.release.xcconfig */ = {isa = PBXFileReference; includeInIndex = 1; lastKnownFileType = text.xcconfig; name = "Pods-FoodOrdering-FoodOrderingUITests.release.xcconfig"; path = "Target Support Files/Pods-FoodOrdering-FoodOrderingUITests/Pods-FoodOrdering-FoodOrderingUITests.release.xcconfig"; sourceTree = "<group>"; };
		4E85DFC8DA8D9754B4E98997 /* Pods-FoodOrderingTests.release.xcconfig */ = {isa = PBXFileReference; includeInIndex = 1; lastKnownFileType = text.xcconfig; name = "Pods-FoodOrderingTests.release.xcconfig"; path = "Target Support Files/Pods-FoodOrderingTests/Pods-FoodOrderingTests.release.xcconfig"; sourceTree = "<group>"; };
		A7F2FFBF6FA3E4F2047E77E2 /* Pods-FoodOrdering-FoodOrderingUITests.debug.xcconfig */ = {isa = PBXFileReference; includeInIndex = 1; lastKnownFileType = text.xcconfig; name = "Pods-FoodOrdering-FoodOrderingUITests.debug.xcconfig"; path = "Target Support Files/Pods-FoodOrdering-FoodOrderingUITests/Pods-FoodOrdering-FoodOrderingUITests.debug.xcconfig"; sourceTree = "<group>"; };
		A820AC9223C35F8400FE0CA1 /* CategoryTableViewCell.swift */ = {isa = PBXFileReference; lastKnownFileType = sourcecode.swift; path = CategoryTableViewCell.swift; sourceTree = "<group>"; };
		A820AC9423C35FC300FE0CA1 /* CategoryCollectionViewCell.swift */ = {isa = PBXFileReference; lastKnownFileType = sourcecode.swift; path = CategoryCollectionViewCell.swift; sourceTree = "<group>"; };
		A820AC9623C366BE00FE0CA1 /* MainHomeViewController.swift */ = {isa = PBXFileReference; lastKnownFileType = sourcecode.swift; path = MainHomeViewController.swift; sourceTree = "<group>"; };
		A84F992923C8B46F00A7B5F1 /* ico-heart-unselected@2x.png */ = {isa = PBXFileReference; lastKnownFileType = image.png; path = "ico-heart-unselected@2x.png"; sourceTree = "<group>"; };
		A84F992A23C8B46F00A7B5F1 /* ico-heart-unselected@3x.png */ = {isa = PBXFileReference; lastKnownFileType = image.png; path = "ico-heart-unselected@3x.png"; sourceTree = "<group>"; };
		A84F992B23C8B47000A7B5F1 /* ico-heart-selected@3x.png */ = {isa = PBXFileReference; lastKnownFileType = image.png; path = "ico-heart-selected@3x.png"; sourceTree = "<group>"; };
		A84F992C23C8B47000A7B5F1 /* ico-heart-selected.png */ = {isa = PBXFileReference; lastKnownFileType = image.png; path = "ico-heart-selected.png"; sourceTree = "<group>"; };
		A84F992D23C8B47000A7B5F1 /* ico-heart-unselected.png */ = {isa = PBXFileReference; lastKnownFileType = image.png; path = "ico-heart-unselected.png"; sourceTree = "<group>"; };
		A84F992E23C8B47000A7B5F1 /* ico-heart-selected@2x.png */ = {isa = PBXFileReference; lastKnownFileType = image.png; path = "ico-heart-selected@2x.png"; sourceTree = "<group>"; };
		A84F993523C8B5BF00A7B5F1 /* foodimage.jpeg */ = {isa = PBXFileReference; lastKnownFileType = image.jpeg; path = foodimage.jpeg; sourceTree = "<group>"; };
		A854AF52238D5577003ABA32 /* loading.png */ = {isa = PBXFileReference; lastKnownFileType = image.png; path = loading.png; sourceTree = "<group>"; };
		A854AF54238D55F3003ABA32 /* loading1.png */ = {isa = PBXFileReference; lastKnownFileType = image.png; path = loading1.png; sourceTree = "<group>"; };
		A862D352239A9194001B94A0 /* MainScreen.jpg */ = {isa = PBXFileReference; lastKnownFileType = image.jpeg; path = MainScreen.jpg; sourceTree = "<group>"; };
		A86335C223BF37F000CDC0EF /* RestaurantsDetailsTableViewCell.swift */ = {isa = PBXFileReference; lastKnownFileType = sourcecode.swift; path = RestaurantsDetailsTableViewCell.swift; sourceTree = "<group>"; };
		A8708B6D23C03056006F567F /* FoodCourtCollectionViewCell.swift */ = {isa = PBXFileReference; lastKnownFileType = sourcecode.swift; path = FoodCourtCollectionViewCell.swift; sourceTree = "<group>"; };
		A8708B6F23C03062006F567F /* MyFavCollectionViewCell.swift */ = {isa = PBXFileReference; lastKnownFileType = sourcecode.swift; path = MyFavCollectionViewCell.swift; sourceTree = "<group>"; };
		A8708B7123C0306E006F567F /* CusineCollectionViewCell.swift */ = {isa = PBXFileReference; lastKnownFileType = sourcecode.swift; path = CusineCollectionViewCell.swift; sourceTree = "<group>"; };
		A8708B7323C0340E006F567F /* BrandsCollectionViewCell.swift */ = {isa = PBXFileReference; lastKnownFileType = sourcecode.swift; path = BrandsCollectionViewCell.swift; sourceTree = "<group>"; };
		A88035DF23C573A1001D69B8 /* ShowRestaurantDataModel.swift */ = {isa = PBXFileReference; lastKnownFileType = sourcecode.swift; path = ShowRestaurantDataModel.swift; sourceTree = "<group>"; };
		A882852E23969AAA0044E0DC /* FacebookGmailMobileVC.swift */ = {isa = PBXFileReference; lastKnownFileType = sourcecode.swift; path = FacebookGmailMobileVC.swift; sourceTree = "<group>"; };
		A8A70EA92398DA27004EE9F9 /* LoginScreen.jpg */ = {isa = PBXFileReference; lastKnownFileType = image.jpeg; path = LoginScreen.jpg; sourceTree = "<group>"; };
		A8A70EAB2398F736004EE9F9 /* Number validation.jpg */ = {isa = PBXFileReference; lastKnownFileType = image.jpeg; path = "Number validation.jpg"; sourceTree = "<group>"; };
		A8A70EAD2398F792004EE9F9 /* Numbervalidation.jpg */ = {isa = PBXFileReference; lastKnownFileType = image.jpeg; path = Numbervalidation.jpg; sourceTree = "<group>"; };
		A8A70EAF2399170D004EE9F9 /* credentials.plist */ = {isa = PBXFileReference; fileEncoding = 4; lastKnownFileType = text.plist.xml; path = credentials.plist; sourceTree = "<group>"; };
		A8AB562E238FBE2F00311FC0 /* ForgotPwdViewController.swift */ = {isa = PBXFileReference; lastKnownFileType = sourcecode.swift; path = ForgotPwdViewController.swift; sourceTree = "<group>"; };
		A8AB5630238FE8F400311FC0 /* DPOTPView.swift */ = {isa = PBXFileReference; fileEncoding = 4; lastKnownFileType = sourcecode.swift; path = DPOTPView.swift; sourceTree = "<group>"; };
		A8AB5632238FEBA900311FC0 /* ChangePwdViewController.swift */ = {isa = PBXFileReference; lastKnownFileType = sourcecode.swift; path = ChangePwdViewController.swift; sourceTree = "<group>"; };
		A8B1A66F238663BB00C2D797 /* FoodOrdering.app */ = {isa = PBXFileReference; explicitFileType = wrapper.application; includeInIndex = 0; path = FoodOrdering.app; sourceTree = BUILT_PRODUCTS_DIR; };
		A8B1A672238663BB00C2D797 /* AppDelegate.swift */ = {isa = PBXFileReference; lastKnownFileType = sourcecode.swift; path = AppDelegate.swift; sourceTree = "<group>"; };
		A8B1A674238663BB00C2D797 /* ViewController.swift */ = {isa = PBXFileReference; lastKnownFileType = sourcecode.swift; path = ViewController.swift; sourceTree = "<group>"; };
		A8B1A677238663BB00C2D797 /* Base */ = {isa = PBXFileReference; lastKnownFileType = file.storyboard; name = Base; path = Base.lproj/Main.storyboard; sourceTree = "<group>"; };
		A8B1A679238663BD00C2D797 /* Assets.xcassets */ = {isa = PBXFileReference; lastKnownFileType = folder.assetcatalog; path = Assets.xcassets; sourceTree = "<group>"; };
		A8B1A67C238663BD00C2D797 /* Base */ = {isa = PBXFileReference; lastKnownFileType = file.storyboard; name = Base; path = Base.lproj/LaunchScreen.storyboard; sourceTree = "<group>"; };
		A8B1A67E238663BD00C2D797 /* Info.plist */ = {isa = PBXFileReference; lastKnownFileType = text.plist.xml; path = Info.plist; sourceTree = "<group>"; };
		A8B1A683238663BD00C2D797 /* FoodOrderingTests.xctest */ = {isa = PBXFileReference; explicitFileType = wrapper.cfbundle; includeInIndex = 0; path = FoodOrderingTests.xctest; sourceTree = BUILT_PRODUCTS_DIR; };
		A8B1A687238663BD00C2D797 /* FoodOrderingTests.swift */ = {isa = PBXFileReference; lastKnownFileType = sourcecode.swift; path = FoodOrderingTests.swift; sourceTree = "<group>"; };
		A8B1A689238663BD00C2D797 /* Info.plist */ = {isa = PBXFileReference; lastKnownFileType = text.plist.xml; path = Info.plist; sourceTree = "<group>"; };
		A8B1A68E238663BD00C2D797 /* FoodOrderingUITests.xctest */ = {isa = PBXFileReference; explicitFileType = wrapper.cfbundle; includeInIndex = 0; path = FoodOrderingUITests.xctest; sourceTree = BUILT_PRODUCTS_DIR; };
		A8B1A692238663BD00C2D797 /* FoodOrderingUITests.swift */ = {isa = PBXFileReference; lastKnownFileType = sourcecode.swift; path = FoodOrderingUITests.swift; sourceTree = "<group>"; };
		A8B1A694238663BD00C2D797 /* Info.plist */ = {isa = PBXFileReference; lastKnownFileType = text.plist.xml; path = Info.plist; sourceTree = "<group>"; };
		A8B1A6A0238663CC00C2D797 /* LaunchViewController.swift */ = {isa = PBXFileReference; lastKnownFileType = sourcecode.swift; path = LaunchViewController.swift; sourceTree = "<group>"; };
		A8B1A6A2238663D600C2D797 /* LoginViewController.swift */ = {isa = PBXFileReference; lastKnownFileType = sourcecode.swift; path = LoginViewController.swift; sourceTree = "<group>"; };
		A8B1A6A4238663E100C2D797 /* RegisterViewController.swift */ = {isa = PBXFileReference; lastKnownFileType = sourcecode.swift; path = RegisterViewController.swift; sourceTree = "<group>"; };
		A8B1A6A6238663F200C2D797 /* MobileVerifyViewController.swift */ = {isa = PBXFileReference; lastKnownFileType = sourcecode.swift; path = MobileVerifyViewController.swift; sourceTree = "<group>"; };
		A8B1A6AA2386738C00C2D797 /* Constant.swift */ = {isa = PBXFileReference; lastKnownFileType = sourcecode.swift; path = Constant.swift; sourceTree = "<group>"; };
		A8B1A6AD23867E4C00C2D797 /* FacebookLogo.png */ = {isa = PBXFileReference; lastKnownFileType = image.png; path = FacebookLogo.png; sourceTree = "<group>"; };
		A8B1A6AE23867E4C00C2D797 /* GmailLogo.png */ = {isa = PBXFileReference; lastKnownFileType = image.png; path = GmailLogo.png; sourceTree = "<group>"; };
		A8B1A6B22386819D00C2D797 /* googleImage.png */ = {isa = PBXFileReference; lastKnownFileType = image.png; path = googleImage.png; sourceTree = "<group>"; };
		A8B1A6B4238681BB00C2D797 /* facebookImage.png */ = {isa = PBXFileReference; lastKnownFileType = image.png; path = facebookImage.png; sourceTree = "<group>"; };
		A8B1A6B62386820D00C2D797 /* googleImagee.png */ = {isa = PBXFileReference; lastKnownFileType = image.png; path = googleImagee.png; sourceTree = "<group>"; };
		A8B1A6B8238682B200C2D797 /* googleImg.png */ = {isa = PBXFileReference; lastKnownFileType = image.png; path = googleImg.png; sourceTree = "<group>"; };
		A8B1A6BA2386834200C2D797 /* facebookImg.png */ = {isa = PBXFileReference; lastKnownFileType = image.png; path = facebookImg.png; sourceTree = "<group>"; };
		E50C4BD12D521DC2D5566C36 /* Pods-FoodOrdering.release.xcconfig */ = {isa = PBXFileReference; includeInIndex = 1; lastKnownFileType = text.xcconfig; name = "Pods-FoodOrdering.release.xcconfig"; path = "Target Support Files/Pods-FoodOrdering/Pods-FoodOrdering.release.xcconfig"; sourceTree = "<group>"; };
		F87DC81E05452745E3B1EC8F /* Pods-FoodOrderingTests.debug.xcconfig */ = {isa = PBXFileReference; includeInIndex = 1; lastKnownFileType = text.xcconfig; name = "Pods-FoodOrderingTests.debug.xcconfig"; path = "Target Support Files/Pods-FoodOrderingTests/Pods-FoodOrderingTests.debug.xcconfig"; sourceTree = "<group>"; };
		FCA72C548D28C2D872E5F634 /* Pods-FoodOrdering.debug.xcconfig */ = {isa = PBXFileReference; includeInIndex = 1; lastKnownFileType = text.xcconfig; name = "Pods-FoodOrdering.debug.xcconfig"; path = "Target Support Files/Pods-FoodOrdering/Pods-FoodOrdering.debug.xcconfig"; sourceTree = "<group>"; };
/* End PBXFileReference section */

/* Begin PBXFrameworksBuildPhase section */
		A8B1A66C238663BB00C2D797 /* Frameworks */ = {
			isa = PBXFrameworksBuildPhase;
			buildActionMask = 2147483647;
			files = (
				B87CEECA5958B6847FDE8F17 /* Pods_FoodOrdering.framework in Frameworks */,
			);
			runOnlyForDeploymentPostprocessing = 0;
		};
		A8B1A680238663BD00C2D797 /* Frameworks */ = {
			isa = PBXFrameworksBuildPhase;
			buildActionMask = 2147483647;
			files = (
				80DF961DAD2D903D673107B0 /* Pods_FoodOrderingTests.framework in Frameworks */,
			);
			runOnlyForDeploymentPostprocessing = 0;
		};
		A8B1A68B238663BD00C2D797 /* Frameworks */ = {
			isa = PBXFrameworksBuildPhase;
			buildActionMask = 2147483647;
			files = (
				AAE9EBA9AA82D0B0E96CEC2F /* Pods_FoodOrdering_FoodOrderingUITests.framework in Frameworks */,
			);
			runOnlyForDeploymentPostprocessing = 0;
		};
/* End PBXFrameworksBuildPhase section */

/* Begin PBXGroup section */
		10BEA47850D74A955BADD1FE /* Frameworks */ = {
			isa = PBXGroup;
			children = (
				379DB79AA17A4628EC5110B2 /* Pods_FoodOrdering.framework */,
				19E022004EB8389D53718171 /* Pods_FoodOrdering_FoodOrderingUITests.framework */,
				3550015D3CEB9DCB859D6453 /* Pods_FoodOrderingTests.framework */,
			);
			name = Frameworks;
			sourceTree = "<group>";
		};
		1820927D238ACDC30063AB19 /* images */ = {
			isa = PBXGroup;
			children = (
				186664E3239BD5F700FE4916 /* Number validation@2x.jpg */,
				186664E6239BD5F800FE4916 /* Quisiera (1).png */,
				186664E4239BD5F700FE4916 /* Quisiera.png */,
				186664E7239BD5F900FE4916 /* radio checked.png */,
				A854AF52238D5577003ABA32 /* loading.png */,
				18588BA82393903B0014F5FB /* tickmark.png */,
				A8A70EAB2398F736004EE9F9 /* Number validation.jpg */,
				A854AF54238D55F3003ABA32 /* loading1.png */,
				A8A70EA92398DA27004EE9F9 /* LoginScreen.jpg */,
				A8A70EAD2398F792004EE9F9 /* Numbervalidation.jpg */,
				18666503239BD61B00FE4916 /* Arrow Copy@2x.png */,
				18666504239BD61B00FE4916 /* back.png */,
				18666502239BD61B00FE4916 /* Back@2x.png */,
				A862D352239A9194001B94A0 /* MainScreen.jpg */,
				186664FE239BD60B00FE4916 /* closeButton.png */,
				18666500239BD61100FE4916 /* check.png */,
				186664D7239BD5D900FE4916 /* samosas (1).png */,
				186664D5239BD5D800FE4916 /* samosas.png */,
				186664D4239BD5D800FE4916 /* search (1)@2x.png */,
				186664D8239BD5D900FE4916 /* searchicon.png */,
				186664DA239BD5D900FE4916 /* Star@2x.png */,
				186664D6239BD5D900FE4916 /* Unchecked.png */,
				186664E9239BD5FA00FE4916 /* Login Screen@2x (1).jpg */,
				186664F7239BD60600FE4916 /* facebook.png */,
				186664F5239BD60500FE4916 /* Filter.png */,
				186664F8239BD60600FE4916 /* google.png */,
				186664F4239BD60400FE4916 /* heart.png */,
				186664EA239BD5FA00FE4916 /* Login Screen@2x.jpg */,
				186664E5239BD5F800FE4916 /* Main Screen@2x (1).jpg */,
				186664E8239BD5F900FE4916 /* Main Screen@2x.jpg */,
				186664E2239BD5F700FE4916 /* Number validation@2x (1).jpg */,
				18055FA5238A49640018B3DE /* StringExtension.swift */,
				18055FA2238A49630018B3DE /* VerificationCodeFields.swift */,
				18055FA4238A49640018B3DE /* VerificationCodeView.swift */,
				18055FA3238A49640018B3DE /* VerificationCodeView.xib */,
				A8B1A6AD23867E4C00C2D797 /* FacebookLogo.png */,
				A8B1A6BA2386834200C2D797 /* facebookImg.png */,
				A8B1A6B4238681BB00C2D797 /* facebookImage.png */,
				A8B1A6AE23867E4C00C2D797 /* GmailLogo.png */,
				A8B1A6B62386820D00C2D797 /* googleImagee.png */,
				A8B1A6B22386819D00C2D797 /* googleImage.png */,
				A8B1A6B8238682B200C2D797 /* googleImg.png */,
				18055FAC238A92D50018B3DE /* food.png */,
				18055FAA238A92D40018B3DE /* food2.png */,
				18055FAD238A92D50018B3DE /* food3.jpg */,
				18055FAB238A92D50018B3DE /* foodlogo.png */,
				182E0D29238AA4EB00D8E27D /* facebook1.png */,
				182E0D2B238AA4EC00D8E27D /* facebook2.png */,
				182E0D2A238AA4EB00D8E27D /* facebook3.png */,
				182E0D28238AA4EB00D8E27D /* facebook4.png */,
			);
			path = images;
			sourceTree = "<group>";
		};
		5B834A9B39126CF838AF515D /* Pods */ = {
			isa = PBXGroup;
			children = (
				FCA72C548D28C2D872E5F634 /* Pods-FoodOrdering.debug.xcconfig */,
				E50C4BD12D521DC2D5566C36 /* Pods-FoodOrdering.release.xcconfig */,
				A7F2FFBF6FA3E4F2047E77E2 /* Pods-FoodOrdering-FoodOrderingUITests.debug.xcconfig */,
				4060B60EC1AA44BBAB463332 /* Pods-FoodOrdering-FoodOrderingUITests.release.xcconfig */,
				F87DC81E05452745E3B1EC8F /* Pods-FoodOrderingTests.debug.xcconfig */,
				4E85DFC8DA8D9754B4E98997 /* Pods-FoodOrderingTests.release.xcconfig */,
			);
			path = Pods;
			sourceTree = "<group>";
		};
		A8B1A666238663BB00C2D797 = {
			isa = PBXGroup;
			children = (
				A8B1A671238663BB00C2D797 /* FoodOrdering */,
				A8B1A686238663BD00C2D797 /* FoodOrderingTests */,
				A8B1A691238663BD00C2D797 /* FoodOrderingUITests */,
				A8B1A670238663BB00C2D797 /* Products */,
				5B834A9B39126CF838AF515D /* Pods */,
				10BEA47850D74A955BADD1FE /* Frameworks */,
			);
			sourceTree = "<group>";
		};
		A8B1A670238663BB00C2D797 /* Products */ = {
			isa = PBXGroup;
			children = (
				A8B1A66F238663BB00C2D797 /* FoodOrdering.app */,
				A8B1A683238663BD00C2D797 /* FoodOrderingTests.xctest */,
				A8B1A68E238663BD00C2D797 /* FoodOrderingUITests.xctest */,
			);
			name = Products;
			sourceTree = "<group>";
		};
		A8B1A671238663BB00C2D797 /* FoodOrdering */ = {
			isa = PBXGroup;
			children = (
				A8B1A672238663BB00C2D797 /* AppDelegate.swift */,
				A8A70EAF2399170D004EE9F9 /* credentials.plist */,
				A8B1A674238663BB00C2D797 /* ViewController.swift */,
				A8B1A6A0238663CC00C2D797 /* LaunchViewController.swift */,
				A8AB5630238FE8F400311FC0 /* DPOTPView.swift */,
				1820927D238ACDC30063AB19 /* images */,
				A8B1A6A2238663D600C2D797 /* LoginViewController.swift */,
				A8B1A6A4238663E100C2D797 /* RegisterViewController.swift */,
				A882852E23969AAA0044E0DC /* FacebookGmailMobileVC.swift */,
				A8B1A6A6238663F200C2D797 /* MobileVerifyViewController.swift */,
				182E0D30238AA73A00D8E27D /* HomeViewController.swift */,
				A820AC9623C366BE00FE0CA1 /* MainHomeViewController.swift */,
				A88035DF23C573A1001D69B8 /* ShowRestaurantDataModel.swift */,
				A86335C223BF37F000CDC0EF /* RestaurantsDetailsTableViewCell.swift */,
				A8708B6D23C03056006F567F /* FoodCourtCollectionViewCell.swift */,
				A8708B6F23C03062006F567F /* MyFavCollectionViewCell.swift */,
				A8708B7123C0306E006F567F /* CusineCollectionViewCell.swift */,
				A8708B7323C0340E006F567F /* BrandsCollectionViewCell.swift */,
				A820AC9223C35F8400FE0CA1 /* CategoryTableViewCell.swift */,
				A820AC9423C35FC300FE0CA1 /* CategoryCollectionViewCell.swift */,
				A8AB562E238FBE2F00311FC0 /* ForgotPwdViewController.swift */,
				A8AB5632238FEBA900311FC0 /* ChangePwdViewController.swift */,
				A8B1A6AA2386738C00C2D797 /* Constant.swift */,
				A8B1A676238663BB00C2D797 /* Main.storyboard */,
				A8B1A679238663BD00C2D797 /* Assets.xcassets */,
				A84F992C23C8B47000A7B5F1 /* ico-heart-selected.png */,
				A84F993523C8B5BF00A7B5F1 /* foodimage.jpeg */,
				A84F992E23C8B47000A7B5F1 /* ico-heart-selected@2x.png */,
				A84F992B23C8B47000A7B5F1 /* ico-heart-selected@3x.png */,
				A84F992D23C8B47000A7B5F1 /* ico-heart-unselected.png */,
				A84F992923C8B46F00A7B5F1 /* ico-heart-unselected@2x.png */,
				A84F992A23C8B46F00A7B5F1 /* ico-heart-unselected@3x.png */,
				A8B1A67B238663BD00C2D797 /* LaunchScreen.storyboard */,
				A8B1A67E238663BD00C2D797 /* Info.plist */,
			);
			path = FoodOrdering;
			sourceTree = "<group>";
		};
		A8B1A686238663BD00C2D797 /* FoodOrderingTests */ = {
			isa = PBXGroup;
			children = (
				A8B1A687238663BD00C2D797 /* FoodOrderingTests.swift */,
				A8B1A689238663BD00C2D797 /* Info.plist */,
			);
			path = FoodOrderingTests;
			sourceTree = "<group>";
		};
		A8B1A691238663BD00C2D797 /* FoodOrderingUITests */ = {
			isa = PBXGroup;
			children = (
				A8B1A692238663BD00C2D797 /* FoodOrderingUITests.swift */,
				A8B1A694238663BD00C2D797 /* Info.plist */,
			);
			path = FoodOrderingUITests;
			sourceTree = "<group>";
		};
/* End PBXGroup section */

/* Begin PBXNativeTarget section */
		A8B1A66E238663BB00C2D797 /* FoodOrdering */ = {
			isa = PBXNativeTarget;
			buildConfigurationList = A8B1A697238663BD00C2D797 /* Build configuration list for PBXNativeTarget "FoodOrdering" */;
			buildPhases = (
				27B64E8960CCD03FFABA782A /* [CP] Check Pods Manifest.lock */,
				A8B1A66B238663BB00C2D797 /* Sources */,
				A8B1A66C238663BB00C2D797 /* Frameworks */,
				A8B1A66D238663BB00C2D797 /* Resources */,
				85F44A8060BE43D52A5A9AB9 /* [CP] Embed Pods Frameworks */,
				20D26BF951F0C8AD1B580EB4 /* [CP] Copy Pods Resources */,
			);
			buildRules = (
			);
			dependencies = (
			);
			name = FoodOrdering;
			productName = FoodOrdering;
			productReference = A8B1A66F238663BB00C2D797 /* FoodOrdering.app */;
			productType = "com.apple.product-type.application";
		};
		A8B1A682238663BD00C2D797 /* FoodOrderingTests */ = {
			isa = PBXNativeTarget;
			buildConfigurationList = A8B1A69A238663BD00C2D797 /* Build configuration list for PBXNativeTarget "FoodOrderingTests" */;
			buildPhases = (
				4572F2496C87F733A8B5AC6E /* [CP] Check Pods Manifest.lock */,
				A8B1A67F238663BD00C2D797 /* Sources */,
				A8B1A680238663BD00C2D797 /* Frameworks */,
				A8B1A681238663BD00C2D797 /* Resources */,
			);
			buildRules = (
			);
			dependencies = (
				A8B1A685238663BD00C2D797 /* PBXTargetDependency */,
			);
			name = FoodOrderingTests;
			productName = FoodOrderingTests;
			productReference = A8B1A683238663BD00C2D797 /* FoodOrderingTests.xctest */;
			productType = "com.apple.product-type.bundle.unit-test";
		};
		A8B1A68D238663BD00C2D797 /* FoodOrderingUITests */ = {
			isa = PBXNativeTarget;
			buildConfigurationList = A8B1A69D238663BD00C2D797 /* Build configuration list for PBXNativeTarget "FoodOrderingUITests" */;
			buildPhases = (
				2CEC375D46AF496F03880C32 /* [CP] Check Pods Manifest.lock */,
				A8B1A68A238663BD00C2D797 /* Sources */,
				A8B1A68B238663BD00C2D797 /* Frameworks */,
				A8B1A68C238663BD00C2D797 /* Resources */,
				9BC8010AD024289C5D5BB40D /* [CP] Embed Pods Frameworks */,
				F844573620D9CF67D0A3C41D /* [CP] Copy Pods Resources */,
			);
			buildRules = (
			);
			dependencies = (
				A8B1A690238663BD00C2D797 /* PBXTargetDependency */,
			);
			name = FoodOrderingUITests;
			productName = FoodOrderingUITests;
			productReference = A8B1A68E238663BD00C2D797 /* FoodOrderingUITests.xctest */;
			productType = "com.apple.product-type.bundle.ui-testing";
		};
/* End PBXNativeTarget section */

/* Begin PBXProject section */
		A8B1A667238663BB00C2D797 /* Project object */ = {
			isa = PBXProject;
			attributes = {
				LastSwiftUpdateCheck = 1020;
				LastUpgradeCheck = 1020;
				ORGANIZATIONNAME = "Mohammed Aslam Shaik";
				TargetAttributes = {
					A8B1A66E238663BB00C2D797 = {
						CreatedOnToolsVersion = 10.2.1;
					};
					A8B1A682238663BD00C2D797 = {
						CreatedOnToolsVersion = 10.2.1;
						TestTargetID = A8B1A66E238663BB00C2D797;
					};
					A8B1A68D238663BD00C2D797 = {
						CreatedOnToolsVersion = 10.2.1;
						TestTargetID = A8B1A66E238663BB00C2D797;
					};
				};
			};
			buildConfigurationList = A8B1A66A238663BB00C2D797 /* Build configuration list for PBXProject "FoodOrdering" */;
			compatibilityVersion = "Xcode 9.3";
			developmentRegion = en;
			hasScannedForEncodings = 0;
			knownRegions = (
				en,
				Base,
			);
			mainGroup = A8B1A666238663BB00C2D797;
			productRefGroup = A8B1A670238663BB00C2D797 /* Products */;
			projectDirPath = "";
			projectRoot = "";
			targets = (
				A8B1A66E238663BB00C2D797 /* FoodOrdering */,
				A8B1A682238663BD00C2D797 /* FoodOrderingTests */,
				A8B1A68D238663BD00C2D797 /* FoodOrderingUITests */,
			);
		};
/* End PBXProject section */

/* Begin PBXResourcesBuildPhase section */
		A8B1A66D238663BB00C2D797 /* Resources */ = {
			isa = PBXResourcesBuildPhase;
			buildActionMask = 2147483647;
			files = (
				186664DF239BD5DA00FE4916 /* searchicon.png in Resources */,
				A854AF53238D5577003ABA32 /* loading.png in Resources */,
				A8B1A6B72386820E00C2D797 /* googleImagee.png in Resources */,
				186664FF239BD60B00FE4916 /* closeButton.png in Resources */,
				186664F3239BD5FA00FE4916 /* Login Screen@2x.jpg in Resources */,
				A84F993123C8B47000A7B5F1 /* ico-heart-selected@3x.png in Resources */,
				186664DD239BD5DA00FE4916 /* Unchecked.png in Resources */,
				A8B1A6B9238682B200C2D797 /* googleImg.png in Resources */,
				A84F993323C8B47000A7B5F1 /* ico-heart-unselected.png in Resources */,
				186664FD239BD60600FE4916 /* google.png in Resources */,
				186664EC239BD5FA00FE4916 /* Number validation@2x.jpg in Resources */,
				18666507239BD61C00FE4916 /* back.png in Resources */,
				186664EE239BD5FA00FE4916 /* Main Screen@2x (1).jpg in Resources */,
				186664ED239BD5FA00FE4916 /* Quisiera.png in Resources */,
				A8B1A67D238663BD00C2D797 /* LaunchScreen.storyboard in Resources */,
				18666505239BD61C00FE4916 /* Back@2x.png in Resources */,
				182E0D2E238AA4EC00D8E27D /* facebook3.png in Resources */,
				186664F9239BD60600FE4916 /* heart.png in Resources */,
				186664EB239BD5FA00FE4916 /* Number validation@2x (1).jpg in Resources */,
				186664E1239BD5DA00FE4916 /* Star@2x.png in Resources */,
				A8A70EAC2398F736004EE9F9 /* Number validation.jpg in Resources */,
				18055FAF238A92D50018B3DE /* foodlogo.png in Resources */,
				186664EF239BD5FA00FE4916 /* Quisiera (1).png in Resources */,
				A8B1A67A238663BD00C2D797 /* Assets.xcassets in Resources */,
				A8B1A6B123867E4D00C2D797 /* GmailLogo.png in Resources */,
				A854AF55238D55F3003ABA32 /* loading1.png in Resources */,
				A84F993423C8B47000A7B5F1 /* ico-heart-selected@2x.png in Resources */,
				A8A70EAE2398F792004EE9F9 /* Numbervalidation.jpg in Resources */,
				182E0D2D238AA4EC00D8E27D /* facebook1.png in Resources */,
				A8B1A6B023867E4D00C2D797 /* FacebookLogo.png in Resources */,
				18666506239BD61C00FE4916 /* Arrow Copy@2x.png in Resources */,
				18055FAE238A92D50018B3DE /* food2.png in Resources */,
				A84F993023C8B47000A7B5F1 /* ico-heart-unselected@3x.png in Resources */,
				186664DB239BD5DA00FE4916 /* search (1)@2x.png in Resources */,
				186664DE239BD5DA00FE4916 /* samosas (1).png in Resources */,
				A8B1A6B5238681BB00C2D797 /* facebookImage.png in Resources */,
				186664F0239BD5FA00FE4916 /* radio checked.png in Resources */,
				18055FB1238A92D50018B3DE /* food3.jpg in Resources */,
				A8B1A6B32386819D00C2D797 /* googleImage.png in Resources */,
				18588BA92393903C0014F5FB /* tickmark.png in Resources */,
				A8B1A678238663BB00C2D797 /* Main.storyboard in Resources */,
				182E0D2F238AA4EC00D8E27D /* facebook2.png in Resources */,
				186664F1239BD5FA00FE4916 /* Main Screen@2x.jpg in Resources */,
				18055FB0238A92D50018B3DE /* food.png in Resources */,
				A8B1A6BB2386834300C2D797 /* facebookImg.png in Resources */,
				A8A70EAA2398DA27004EE9F9 /* LoginScreen.jpg in Resources */,
				186664DC239BD5DA00FE4916 /* samosas.png in Resources */,
				A84F993623C8B5BF00A7B5F1 /* foodimage.jpeg in Resources */,
				186664F2239BD5FA00FE4916 /* Login Screen@2x (1).jpg in Resources */,
				186664FA239BD60600FE4916 /* Filter.png in Resources */,
				A84F992F23C8B47000A7B5F1 /* ico-heart-unselected@2x.png in Resources */,
				A84F993223C8B47000A7B5F1 /* ico-heart-selected.png in Resources */,
				186664FC239BD60600FE4916 /* facebook.png in Resources */,
				18666501239BD61100FE4916 /* check.png in Resources */,
				182E0D2C238AA4EC00D8E27D /* facebook4.png in Resources */,
				A862D353239A9194001B94A0 /* MainScreen.jpg in Resources */,
				18055FA7238A49640018B3DE /* VerificationCodeView.xib in Resources */,
				A8A70EB02399170D004EE9F9 /* credentials.plist in Resources */,
			);
			runOnlyForDeploymentPostprocessing = 0;
		};
		A8B1A681238663BD00C2D797 /* Resources */ = {
			isa = PBXResourcesBuildPhase;
			buildActionMask = 2147483647;
			files = (
			);
			runOnlyForDeploymentPostprocessing = 0;
		};
		A8B1A68C238663BD00C2D797 /* Resources */ = {
			isa = PBXResourcesBuildPhase;
			buildActionMask = 2147483647;
			files = (
			);
			runOnlyForDeploymentPostprocessing = 0;
		};
/* End PBXResourcesBuildPhase section */

/* Begin PBXShellScriptBuildPhase section */
		20D26BF951F0C8AD1B580EB4 /* [CP] Copy Pods Resources */ = {
			isa = PBXShellScriptBuildPhase;
			buildActionMask = 2147483647;
			files = (
			);
			inputFileListPaths = (
				"${PODS_ROOT}/Target Support Files/Pods-FoodOrdering/Pods-FoodOrdering-resources-${CONFIGURATION}-input-files.xcfilelist",
			);
			name = "[CP] Copy Pods Resources";
			outputFileListPaths = (
				"${PODS_ROOT}/Target Support Files/Pods-FoodOrdering/Pods-FoodOrdering-resources-${CONFIGURATION}-output-files.xcfilelist",
			);
			runOnlyForDeploymentPostprocessing = 0;
			shellPath = /bin/sh;
			shellScript = "\"${PODS_ROOT}/Target Support Files/Pods-FoodOrdering/Pods-FoodOrdering-resources.sh\"\n";
			showEnvVarsInLog = 0;
		};
		27B64E8960CCD03FFABA782A /* [CP] Check Pods Manifest.lock */ = {
			isa = PBXShellScriptBuildPhase;
			buildActionMask = 2147483647;
			files = (
			);
			inputFileListPaths = (
			);
			inputPaths = (
				"${PODS_PODFILE_DIR_PATH}/Podfile.lock",
				"${PODS_ROOT}/Manifest.lock",
			);
			name = "[CP] Check Pods Manifest.lock";
			outputFileListPaths = (
			);
			outputPaths = (
				"$(DERIVED_FILE_DIR)/Pods-FoodOrdering-checkManifestLockResult.txt",
			);
			runOnlyForDeploymentPostprocessing = 0;
			shellPath = /bin/sh;
			shellScript = "diff \"${PODS_PODFILE_DIR_PATH}/Podfile.lock\" \"${PODS_ROOT}/Manifest.lock\" > /dev/null\nif [ $? != 0 ] ; then\n    # print error to STDERR\n    echo \"error: The sandbox is not in sync with the Podfile.lock. Run 'pod install' or update your CocoaPods installation.\" >&2\n    exit 1\nfi\n# This output is used by Xcode 'outputs' to avoid re-running this script phase.\necho \"SUCCESS\" > \"${SCRIPT_OUTPUT_FILE_0}\"\n";
			showEnvVarsInLog = 0;
		};
		2CEC375D46AF496F03880C32 /* [CP] Check Pods Manifest.lock */ = {
			isa = PBXShellScriptBuildPhase;
			buildActionMask = 2147483647;
			files = (
			);
			inputFileListPaths = (
			);
			inputPaths = (
				"${PODS_PODFILE_DIR_PATH}/Podfile.lock",
				"${PODS_ROOT}/Manifest.lock",
			);
			name = "[CP] Check Pods Manifest.lock";
			outputFileListPaths = (
			);
			outputPaths = (
				"$(DERIVED_FILE_DIR)/Pods-FoodOrdering-FoodOrderingUITests-checkManifestLockResult.txt",
			);
			runOnlyForDeploymentPostprocessing = 0;
			shellPath = /bin/sh;
			shellScript = "diff \"${PODS_PODFILE_DIR_PATH}/Podfile.lock\" \"${PODS_ROOT}/Manifest.lock\" > /dev/null\nif [ $? != 0 ] ; then\n    # print error to STDERR\n    echo \"error: The sandbox is not in sync with the Podfile.lock. Run 'pod install' or update your CocoaPods installation.\" >&2\n    exit 1\nfi\n# This output is used by Xcode 'outputs' to avoid re-running this script phase.\necho \"SUCCESS\" > \"${SCRIPT_OUTPUT_FILE_0}\"\n";
			showEnvVarsInLog = 0;
		};
		4572F2496C87F733A8B5AC6E /* [CP] Check Pods Manifest.lock */ = {
			isa = PBXShellScriptBuildPhase;
			buildActionMask = 2147483647;
			files = (
			);
			inputFileListPaths = (
			);
			inputPaths = (
				"${PODS_PODFILE_DIR_PATH}/Podfile.lock",
				"${PODS_ROOT}/Manifest.lock",
			);
			name = "[CP] Check Pods Manifest.lock";
			outputFileListPaths = (
			);
			outputPaths = (
				"$(DERIVED_FILE_DIR)/Pods-FoodOrderingTests-checkManifestLockResult.txt",
			);
			runOnlyForDeploymentPostprocessing = 0;
			shellPath = /bin/sh;
			shellScript = "diff \"${PODS_PODFILE_DIR_PATH}/Podfile.lock\" \"${PODS_ROOT}/Manifest.lock\" > /dev/null\nif [ $? != 0 ] ; then\n    # print error to STDERR\n    echo \"error: The sandbox is not in sync with the Podfile.lock. Run 'pod install' or update your CocoaPods installation.\" >&2\n    exit 1\nfi\n# This output is used by Xcode 'outputs' to avoid re-running this script phase.\necho \"SUCCESS\" > \"${SCRIPT_OUTPUT_FILE_0}\"\n";
			showEnvVarsInLog = 0;
		};
		85F44A8060BE43D52A5A9AB9 /* [CP] Embed Pods Frameworks */ = {
			isa = PBXShellScriptBuildPhase;
			buildActionMask = 2147483647;
			files = (
			);
			inputFileListPaths = (
				"${PODS_ROOT}/Target Support Files/Pods-FoodOrdering/Pods-FoodOrdering-frameworks-${CONFIGURATION}-input-files.xcfilelist",
			);
			name = "[CP] Embed Pods Frameworks";
			outputFileListPaths = (
				"${PODS_ROOT}/Target Support Files/Pods-FoodOrdering/Pods-FoodOrdering-frameworks-${CONFIGURATION}-output-files.xcfilelist",
			);
			runOnlyForDeploymentPostprocessing = 0;
			shellPath = /bin/sh;
			shellScript = "\"${PODS_ROOT}/Target Support Files/Pods-FoodOrdering/Pods-FoodOrdering-frameworks.sh\"\n";
			showEnvVarsInLog = 0;
		};
		9BC8010AD024289C5D5BB40D /* [CP] Embed Pods Frameworks */ = {
			isa = PBXShellScriptBuildPhase;
			buildActionMask = 2147483647;
			files = (
			);
			inputFileListPaths = (
				"${PODS_ROOT}/Target Support Files/Pods-FoodOrdering-FoodOrderingUITests/Pods-FoodOrdering-FoodOrderingUITests-frameworks-${CONFIGURATION}-input-files.xcfilelist",
			);
			name = "[CP] Embed Pods Frameworks";
			outputFileListPaths = (
				"${PODS_ROOT}/Target Support Files/Pods-FoodOrdering-FoodOrderingUITests/Pods-FoodOrdering-FoodOrderingUITests-frameworks-${CONFIGURATION}-output-files.xcfilelist",
			);
			runOnlyForDeploymentPostprocessing = 0;
			shellPath = /bin/sh;
			shellScript = "\"${PODS_ROOT}/Target Support Files/Pods-FoodOrdering-FoodOrderingUITests/Pods-FoodOrdering-FoodOrderingUITests-frameworks.sh\"\n";
			showEnvVarsInLog = 0;
		};
		F844573620D9CF67D0A3C41D /* [CP] Copy Pods Resources */ = {
			isa = PBXShellScriptBuildPhase;
			buildActionMask = 2147483647;
			files = (
			);
			inputFileListPaths = (
				"${PODS_ROOT}/Target Support Files/Pods-FoodOrdering-FoodOrderingUITests/Pods-FoodOrdering-FoodOrderingUITests-resources-${CONFIGURATION}-input-files.xcfilelist",
			);
			name = "[CP] Copy Pods Resources";
			outputFileListPaths = (
				"${PODS_ROOT}/Target Support Files/Pods-FoodOrdering-FoodOrderingUITests/Pods-FoodOrdering-FoodOrderingUITests-resources-${CONFIGURATION}-output-files.xcfilelist",
			);
			runOnlyForDeploymentPostprocessing = 0;
			shellPath = /bin/sh;
			shellScript = "\"${PODS_ROOT}/Target Support Files/Pods-FoodOrdering-FoodOrderingUITests/Pods-FoodOrdering-FoodOrderingUITests-resources.sh\"\n";
			showEnvVarsInLog = 0;
		};
/* End PBXShellScriptBuildPhase section */

/* Begin PBXSourcesBuildPhase section */
		A8B1A66B238663BB00C2D797 /* Sources */ = {
			isa = PBXSourcesBuildPhase;
			buildActionMask = 2147483647;
			files = (
				A8B1A6AB2386738C00C2D797 /* Constant.swift in Sources */,
				A8B1A6A3238663D600C2D797 /* LoginViewController.swift in Sources */,
				A8708B7423C0340E006F567F /* BrandsCollectionViewCell.swift in Sources */,
				A8AB5633238FEBA900311FC0 /* ChangePwdViewController.swift in Sources */,
				18055FA9238A49640018B3DE /* StringExtension.swift in Sources */,
				A8B1A6A5238663E100C2D797 /* RegisterViewController.swift in Sources */,
				18055FA8238A49640018B3DE /* VerificationCodeView.swift in Sources */,
				A8B1A675238663BB00C2D797 /* ViewController.swift in Sources */,
				A820AC9523C35FC300FE0CA1 /* CategoryCollectionViewCell.swift in Sources */,
				A8708B6E23C03056006F567F /* FoodCourtCollectionViewCell.swift in Sources */,
				18055FA6238A49640018B3DE /* VerificationCodeFields.swift in Sources */,
				182E0D31238AA73A00D8E27D /* HomeViewController.swift in Sources */,
				A820AC9323C35F8400FE0CA1 /* CategoryTableViewCell.swift in Sources */,
				A88035E023C573A1001D69B8 /* ShowRestaurantDataModel.swift in Sources */,
				A8B1A6A1238663CC00C2D797 /* LaunchViewController.swift in Sources */,
				A86335C323BF37F000CDC0EF /* RestaurantsDetailsTableViewCell.swift in Sources */,
				A8AB5631238FE8F400311FC0 /* DPOTPView.swift in Sources */,
				A820AC9723C366BE00FE0CA1 /* MainHomeViewController.swift in Sources */,
				A8B1A6A7238663F200C2D797 /* MobileVerifyViewController.swift in Sources */,
				A882852F23969AAA0044E0DC /* FacebookGmailMobileVC.swift in Sources */,
				A8B1A673238663BB00C2D797 /* AppDelegate.swift in Sources */,
				A8708B7223C0306E006F567F /* CusineCollectionViewCell.swift in Sources */,
				A8AB562F238FBE2F00311FC0 /* ForgotPwdViewController.swift in Sources */,
				A8708B7023C03062006F567F /* MyFavCollectionViewCell.swift in Sources */,
			);
			runOnlyForDeploymentPostprocessing = 0;
		};
		A8B1A67F238663BD00C2D797 /* Sources */ = {
			isa = PBXSourcesBuildPhase;
			buildActionMask = 2147483647;
			files = (
				A8B1A688238663BD00C2D797 /* FoodOrderingTests.swift in Sources */,
			);
			runOnlyForDeploymentPostprocessing = 0;
		};
		A8B1A68A238663BD00C2D797 /* Sources */ = {
			isa = PBXSourcesBuildPhase;
			buildActionMask = 2147483647;
			files = (
				A8B1A693238663BD00C2D797 /* FoodOrderingUITests.swift in Sources */,
			);
			runOnlyForDeploymentPostprocessing = 0;
		};
/* End PBXSourcesBuildPhase section */

/* Begin PBXTargetDependency section */
		A8B1A685238663BD00C2D797 /* PBXTargetDependency */ = {
			isa = PBXTargetDependency;
			target = A8B1A66E238663BB00C2D797 /* FoodOrdering */;
			targetProxy = A8B1A684238663BD00C2D797 /* PBXContainerItemProxy */;
		};
		A8B1A690238663BD00C2D797 /* PBXTargetDependency */ = {
			isa = PBXTargetDependency;
			target = A8B1A66E238663BB00C2D797 /* FoodOrdering */;
			targetProxy = A8B1A68F238663BD00C2D797 /* PBXContainerItemProxy */;
		};
/* End PBXTargetDependency section */

/* Begin PBXVariantGroup section */
		A8B1A676238663BB00C2D797 /* Main.storyboard */ = {
			isa = PBXVariantGroup;
			children = (
				A8B1A677238663BB00C2D797 /* Base */,
			);
			name = Main.storyboard;
			sourceTree = "<group>";
		};
		A8B1A67B238663BD00C2D797 /* LaunchScreen.storyboard */ = {
			isa = PBXVariantGroup;
			children = (
				A8B1A67C238663BD00C2D797 /* Base */,
			);
			name = LaunchScreen.storyboard;
			sourceTree = "<group>";
		};
/* End PBXVariantGroup section */

/* Begin XCBuildConfiguration section */
		A8B1A695238663BD00C2D797 /* Debug */ = {
			isa = XCBuildConfiguration;
			buildSettings = {
				ALWAYS_SEARCH_USER_PATHS = NO;
				CLANG_ANALYZER_NONNULL = YES;
				CLANG_ANALYZER_NUMBER_OBJECT_CONVERSION = YES_AGGRESSIVE;
				CLANG_CXX_LANGUAGE_STANDARD = "gnu++14";
				CLANG_CXX_LIBRARY = "libc++";
				CLANG_ENABLE_MODULES = YES;
				CLANG_ENABLE_OBJC_ARC = YES;
				CLANG_ENABLE_OBJC_WEAK = YES;
				CLANG_WARN_BLOCK_CAPTURE_AUTORELEASING = YES;
				CLANG_WARN_BOOL_CONVERSION = YES;
				CLANG_WARN_COMMA = YES;
				CLANG_WARN_CONSTANT_CONVERSION = YES;
				CLANG_WARN_DEPRECATED_OBJC_IMPLEMENTATIONS = YES;
				CLANG_WARN_DIRECT_OBJC_ISA_USAGE = YES_ERROR;
				CLANG_WARN_DOCUMENTATION_COMMENTS = YES;
				CLANG_WARN_EMPTY_BODY = YES;
				CLANG_WARN_ENUM_CONVERSION = YES;
				CLANG_WARN_INFINITE_RECURSION = YES;
				CLANG_WARN_INT_CONVERSION = YES;
				CLANG_WARN_NON_LITERAL_NULL_CONVERSION = YES;
				CLANG_WARN_OBJC_IMPLICIT_RETAIN_SELF = YES;
				CLANG_WARN_OBJC_LITERAL_CONVERSION = YES;
				CLANG_WARN_OBJC_ROOT_CLASS = YES_ERROR;
				CLANG_WARN_RANGE_LOOP_ANALYSIS = YES;
				CLANG_WARN_STRICT_PROTOTYPES = YES;
				CLANG_WARN_SUSPICIOUS_MOVE = YES;
				CLANG_WARN_UNGUARDED_AVAILABILITY = YES_AGGRESSIVE;
				CLANG_WARN_UNREACHABLE_CODE = YES;
				CLANG_WARN__DUPLICATE_METHOD_MATCH = YES;
				CODE_SIGN_IDENTITY = "iPhone Developer";
				COPY_PHASE_STRIP = NO;
				DEBUG_INFORMATION_FORMAT = dwarf;
				ENABLE_STRICT_OBJC_MSGSEND = YES;
				ENABLE_TESTABILITY = YES;
				GCC_C_LANGUAGE_STANDARD = gnu11;
				GCC_DYNAMIC_NO_PIC = NO;
				GCC_NO_COMMON_BLOCKS = YES;
				GCC_OPTIMIZATION_LEVEL = 0;
				GCC_PREPROCESSOR_DEFINITIONS = (
					"DEBUG=1",
					"$(inherited)",
				);
				GCC_WARN_64_TO_32_BIT_CONVERSION = YES;
				GCC_WARN_ABOUT_RETURN_TYPE = YES_ERROR;
				GCC_WARN_UNDECLARED_SELECTOR = YES;
				GCC_WARN_UNINITIALIZED_AUTOS = YES_AGGRESSIVE;
				GCC_WARN_UNUSED_FUNCTION = YES;
				GCC_WARN_UNUSED_VARIABLE = YES;
				IPHONEOS_DEPLOYMENT_TARGET = 12.2;
				MTL_ENABLE_DEBUG_INFO = INCLUDE_SOURCE;
				MTL_FAST_MATH = YES;
				ONLY_ACTIVE_ARCH = YES;
				SDKROOT = iphoneos;
				SWIFT_ACTIVE_COMPILATION_CONDITIONS = DEBUG;
				SWIFT_OPTIMIZATION_LEVEL = "-Onone";
			};
			name = Debug;
		};
		A8B1A696238663BD00C2D797 /* Release */ = {
			isa = XCBuildConfiguration;
			buildSettings = {
				ALWAYS_SEARCH_USER_PATHS = NO;
				CLANG_ANALYZER_NONNULL = YES;
				CLANG_ANALYZER_NUMBER_OBJECT_CONVERSION = YES_AGGRESSIVE;
				CLANG_CXX_LANGUAGE_STANDARD = "gnu++14";
				CLANG_CXX_LIBRARY = "libc++";
				CLANG_ENABLE_MODULES = YES;
				CLANG_ENABLE_OBJC_ARC = YES;
				CLANG_ENABLE_OBJC_WEAK = YES;
				CLANG_WARN_BLOCK_CAPTURE_AUTORELEASING = YES;
				CLANG_WARN_BOOL_CONVERSION = YES;
				CLANG_WARN_COMMA = YES;
				CLANG_WARN_CONSTANT_CONVERSION = YES;
				CLANG_WARN_DEPRECATED_OBJC_IMPLEMENTATIONS = YES;
				CLANG_WARN_DIRECT_OBJC_ISA_USAGE = YES_ERROR;
				CLANG_WARN_DOCUMENTATION_COMMENTS = YES;
				CLANG_WARN_EMPTY_BODY = YES;
				CLANG_WARN_ENUM_CONVERSION = YES;
				CLANG_WARN_INFINITE_RECURSION = YES;
				CLANG_WARN_INT_CONVERSION = YES;
				CLANG_WARN_NON_LITERAL_NULL_CONVERSION = YES;
				CLANG_WARN_OBJC_IMPLICIT_RETAIN_SELF = YES;
				CLANG_WARN_OBJC_LITERAL_CONVERSION = YES;
				CLANG_WARN_OBJC_ROOT_CLASS = YES_ERROR;
				CLANG_WARN_RANGE_LOOP_ANALYSIS = YES;
				CLANG_WARN_STRICT_PROTOTYPES = YES;
				CLANG_WARN_SUSPICIOUS_MOVE = YES;
				CLANG_WARN_UNGUARDED_AVAILABILITY = YES_AGGRESSIVE;
				CLANG_WARN_UNREACHABLE_CODE = YES;
				CLANG_WARN__DUPLICATE_METHOD_MATCH = YES;
				CODE_SIGN_IDENTITY = "iPhone Developer";
				COPY_PHASE_STRIP = NO;
				DEBUG_INFORMATION_FORMAT = "dwarf-with-dsym";
				ENABLE_NS_ASSERTIONS = NO;
				ENABLE_STRICT_OBJC_MSGSEND = YES;
				GCC_C_LANGUAGE_STANDARD = gnu11;
				GCC_NO_COMMON_BLOCKS = YES;
				GCC_WARN_64_TO_32_BIT_CONVERSION = YES;
				GCC_WARN_ABOUT_RETURN_TYPE = YES_ERROR;
				GCC_WARN_UNDECLARED_SELECTOR = YES;
				GCC_WARN_UNINITIALIZED_AUTOS = YES_AGGRESSIVE;
				GCC_WARN_UNUSED_FUNCTION = YES;
				GCC_WARN_UNUSED_VARIABLE = YES;
				IPHONEOS_DEPLOYMENT_TARGET = 12.2;
				MTL_ENABLE_DEBUG_INFO = NO;
				MTL_FAST_MATH = YES;
				SDKROOT = iphoneos;
				SWIFT_COMPILATION_MODE = wholemodule;
				SWIFT_OPTIMIZATION_LEVEL = "-O";
				VALIDATE_PRODUCT = YES;
			};
			name = Release;
		};
		A8B1A698238663BD00C2D797 /* Debug */ = {
			isa = XCBuildConfiguration;
			baseConfigurationReference = FCA72C548D28C2D872E5F634 /* Pods-FoodOrdering.debug.xcconfig */;
			buildSettings = {
				ASSETCATALOG_COMPILER_APPICON_NAME = AppIcon;
				CODE_SIGN_STYLE = Automatic;
				DEVELOPMENT_TEAM = UWRJNNALTK;
				INFOPLIST_FILE = FoodOrdering/Info.plist;
				LD_RUNPATH_SEARCH_PATHS = (
					"$(inherited)",
					"@executable_path/Frameworks",
				);
				PRODUCT_BUNDLE_IDENTIFIER = Intretech.FoodOrdering;
				PRODUCT_NAME = "$(TARGET_NAME)";
				SWIFT_VERSION = 5.0;
				TARGETED_DEVICE_FAMILY = "1,2";
			};
			name = Debug;
		};
		A8B1A699238663BD00C2D797 /* Release */ = {
			isa = XCBuildConfiguration;
			baseConfigurationReference = E50C4BD12D521DC2D5566C36 /* Pods-FoodOrdering.release.xcconfig */;
			buildSettings = {
				ASSETCATALOG_COMPILER_APPICON_NAME = AppIcon;
				CODE_SIGN_STYLE = Automatic;
				DEVELOPMENT_TEAM = UWRJNNALTK;
				INFOPLIST_FILE = FoodOrdering/Info.plist;
				LD_RUNPATH_SEARCH_PATHS = (
					"$(inherited)",
					"@executable_path/Frameworks",
				);
				PRODUCT_BUNDLE_IDENTIFIER = Intretech.FoodOrdering;
				PRODUCT_NAME = "$(TARGET_NAME)";
				SWIFT_VERSION = 5.0;
				TARGETED_DEVICE_FAMILY = "1,2";
			};
			name = Release;
		};
		A8B1A69B238663BD00C2D797 /* Debug */ = {
			isa = XCBuildConfiguration;
			baseConfigurationReference = F87DC81E05452745E3B1EC8F /* Pods-FoodOrderingTests.debug.xcconfig */;
			buildSettings = {
				ALWAYS_EMBED_SWIFT_STANDARD_LIBRARIES = YES;
				BUNDLE_LOADER = "$(TEST_HOST)";
				CODE_SIGN_STYLE = Automatic;
				INFOPLIST_FILE = FoodOrderingTests/Info.plist;
				LD_RUNPATH_SEARCH_PATHS = (
					"$(inherited)",
					"@executable_path/Frameworks",
					"@loader_path/Frameworks",
				);
				PRODUCT_BUNDLE_IDENTIFIER = Intretech.FoodOrderingTests;
				PRODUCT_NAME = "$(TARGET_NAME)";
				SWIFT_VERSION = 5.0;
				TARGETED_DEVICE_FAMILY = "1,2";
				TEST_HOST = "$(BUILT_PRODUCTS_DIR)/FoodOrdering.app/FoodOrdering";
			};
			name = Debug;
		};
		A8B1A69C238663BD00C2D797 /* Release */ = {
			isa = XCBuildConfiguration;
			baseConfigurationReference = 4E85DFC8DA8D9754B4E98997 /* Pods-FoodOrderingTests.release.xcconfig */;
			buildSettings = {
				ALWAYS_EMBED_SWIFT_STANDARD_LIBRARIES = YES;
				BUNDLE_LOADER = "$(TEST_HOST)";
				CODE_SIGN_STYLE = Automatic;
				INFOPLIST_FILE = FoodOrderingTests/Info.plist;
				LD_RUNPATH_SEARCH_PATHS = (
					"$(inherited)",
					"@executable_path/Frameworks",
					"@loader_path/Frameworks",
				);
				PRODUCT_BUNDLE_IDENTIFIER = Intretech.FoodOrderingTests;
				PRODUCT_NAME = "$(TARGET_NAME)";
				SWIFT_VERSION = 5.0;
				TARGETED_DEVICE_FAMILY = "1,2";
				TEST_HOST = "$(BUILT_PRODUCTS_DIR)/FoodOrdering.app/FoodOrdering";
			};
			name = Release;
		};
		A8B1A69E238663BD00C2D797 /* Debug */ = {
			isa = XCBuildConfiguration;
			baseConfigurationReference = A7F2FFBF6FA3E4F2047E77E2 /* Pods-FoodOrdering-FoodOrderingUITests.debug.xcconfig */;
			buildSettings = {
				ALWAYS_EMBED_SWIFT_STANDARD_LIBRARIES = YES;
				CODE_SIGN_STYLE = Automatic;
				INFOPLIST_FILE = FoodOrderingUITests/Info.plist;
				LD_RUNPATH_SEARCH_PATHS = (
					"$(inherited)",
					"@executable_path/Frameworks",
					"@loader_path/Frameworks",
				);
				PRODUCT_BUNDLE_IDENTIFIER = Intretech.FoodOrderingUITests;
				PRODUCT_NAME = "$(TARGET_NAME)";
				SWIFT_VERSION = 5.0;
				TARGETED_DEVICE_FAMILY = "1,2";
				TEST_TARGET_NAME = FoodOrdering;
			};
			name = Debug;
		};
		A8B1A69F238663BD00C2D797 /* Release */ = {
			isa = XCBuildConfiguration;
			baseConfigurationReference = 4060B60EC1AA44BBAB463332 /* Pods-FoodOrdering-FoodOrderingUITests.release.xcconfig */;
			buildSettings = {
				ALWAYS_EMBED_SWIFT_STANDARD_LIBRARIES = YES;
				CODE_SIGN_STYLE = Automatic;
				INFOPLIST_FILE = FoodOrderingUITests/Info.plist;
				LD_RUNPATH_SEARCH_PATHS = (
					"$(inherited)",
					"@executable_path/Frameworks",
					"@loader_path/Frameworks",
				);
				PRODUCT_BUNDLE_IDENTIFIER = Intretech.FoodOrderingUITests;
				PRODUCT_NAME = "$(TARGET_NAME)";
				SWIFT_VERSION = 5.0;
				TARGETED_DEVICE_FAMILY = "1,2";
				TEST_TARGET_NAME = FoodOrdering;
			};
			name = Release;
		};
/* End XCBuildConfiguration section */

/* Begin XCConfigurationList section */
		A8B1A66A238663BB00C2D797 /* Build configuration list for PBXProject "FoodOrdering" */ = {
			isa = XCConfigurationList;
			buildConfigurations = (
				A8B1A695238663BD00C2D797 /* Debug */,
				A8B1A696238663BD00C2D797 /* Release */,
			);
			defaultConfigurationIsVisible = 0;
			defaultConfigurationName = Release;
		};
		A8B1A697238663BD00C2D797 /* Build configuration list for PBXNativeTarget "FoodOrdering" */ = {
			isa = XCConfigurationList;
			buildConfigurations = (
				A8B1A698238663BD00C2D797 /* Debug */,
				A8B1A699238663BD00C2D797 /* Release */,
			);
			defaultConfigurationIsVisible = 0;
			defaultConfigurationName = Release;
		};
		A8B1A69A238663BD00C2D797 /* Build configuration list for PBXNativeTarget "FoodOrderingTests" */ = {
			isa = XCConfigurationList;
			buildConfigurations = (
				A8B1A69B238663BD00C2D797 /* Debug */,
				A8B1A69C238663BD00C2D797 /* Release */,
			);
			defaultConfigurationIsVisible = 0;
			defaultConfigurationName = Release;
		};
		A8B1A69D238663BD00C2D797 /* Build configuration list for PBXNativeTarget "FoodOrderingUITests" */ = {
			isa = XCConfigurationList;
			buildConfigurations = (
				A8B1A69E238663BD00C2D797 /* Debug */,
				A8B1A69F238663BD00C2D797 /* Release */,
			);
			defaultConfigurationIsVisible = 0;
			defaultConfigurationName = Release;
		};
/* End XCConfigurationList section */
	};
	rootObject = A8B1A667238663BB00C2D797 /* Project object */;
}
